
Microsoft Visual Studio Solution File, Format Version 12.00
# Visual Studio Version 17
VisualStudioVersion = 17.7.34221.43
MinimumVisualStudioVersion = 10.0.40219.1
Project("{FAE04EC0-301F-11D3-BF4B-00C04F79EFBC}") = "AutoCADAssignmentPlugin", "AutoCADAssignmentPlugin.csproj", "{8B05C7E5-B952-4E14-8766-8D7E439C2ADC}"
EndProject
Global
	GlobalSection(SolutionConfigurationPlatforms) = preSolution
		Debug|Any CPU = Debug|Any CPU
		Release|Any CPU = Release|Any CPU
	EndGlobalSection
	GlobalSection(ProjectConfigurationPlatforms) = postSolution
		{8B05C7E5-B952-4E14-8766-8D7E439C2ADC}.Debug|Any CPU.ActiveCfg = Debug|Any CPU
		{8B05C7E5-B952-4E14-8766-8D7E439C2ADC}.Debug|Any CPU.Build.0 = Debug|Any CPU
		{8B05C7E5-B952-4E14-8766-8D7E439C2ADC}.Release|Any CPU.ActiveCfg = Release|Any CPU
		{8B05C7E5-B952-4E14-8766-8D7E439C2ADC}.Release|Any CPU.Build.0 = Release|Any CPU
	EndGlobalSection
	GlobalSection(SolutionProperties) = preSolution
		HideSolutionNode = FALSE
	EndGlobalSection
	GlobalSection(ExtensibilityGlobals) = postSolution
		SolutionGuid = {EA9A2BB9-A66C-4350-8C99-7530F0868713}
	EndGlobalSection
EndGlobal
